
Microsoft Visual Studio Solution File, Format Version 12.00
# Visual Studio Version 17
VisualStudioVersion = 17.14.36327.8 d17.14
MinimumVisualStudioVersion = 10.0.40219.1
Project("{FAE04EC0-301F-11D3-BF4B-00C04F79EFBC}") = "ScpProximityChat", "ScpProximityChat\ScpProximityChat.csproj", "{444B9DD9-EF85-4EFA-8A0A-BA70ECE95E07}"
EndProject
Global
	GlobalSection(SolutionConfigurationPlatforms) = preSolution
		Debug|Any CPU = Debug|Any CPU
		Release|Any CPU = Release|Any CPU
	EndGlobalSection
	GlobalSection(ProjectConfigurationPlatforms) = postSolution
		{444B9DD9-EF85-4EFA-8A0A-BA70ECE95E07}.Debug|Any CPU.ActiveCfg = Debug|Any CPU
		{444B9DD9-EF85-4EFA-8A0A-BA70ECE95E07}.Debug|Any CPU.Build.0 = Debug|Any CPU
		{444B9DD9-EF85-4EFA-8A0A-BA70ECE95E07}.Release|Any CPU.ActiveCfg = Release|Any CPU
		{444B9DD9-EF85-4EFA-8A0A-BA70ECE95E07}.Release|Any CPU.Build.0 = Release|Any CPU
	EndGlobalSection
	GlobalSection(SolutionProperties) = preSolution
		HideSolutionNode = FALSE
	EndGlobalSection
	GlobalSection(ExtensibilityGlobals) = postSolution
		SolutionGuid = {010752CA-F7DE-4EAA-9B8C-67701740AA38}
	EndGlobalSection
EndGlobal
